// !$*UTF8*$!
{
	archiveVersion = 1;
	classes = {
	};
	objectVersion = 56;
	objects = {

/* Begin PBXBuildFile section */
		0F45C0AE3DF027585E0A166A /* AddView.swift in Sources */ = {isa = PBXBuildFile; fileRef = DA8FF736CEAF4C4C385FD8CD /* AddView.swift */; };
		248579D742348DE90B134793 /* Util.swift in Sources */ = {isa = PBXBuildFile; fileRef = C2337C17EA24226D839574D9 /* Util.swift */; };
		24EC3A66C120BF7B757CAE3E /* ffiApi.swift in Sources */ = {isa = PBXBuildFile; fileRef = 7589A15AC15B8628E6AF92B5 /* ffiApi.swift */; };
		280C2456F83493EF0464D60B /* AppView.swift in Sources */ = {isa = PBXBuildFile; fileRef = 716EF067A6DF8FB0447ACA87 /* AppView.swift */; };
		488BC80BAAE8375F6CD6CAFF /* AppState.swift in Sources */ = {isa = PBXBuildFile; fileRef = EF9E5D4DBC06BF413DE2010C /* AppState.swift */; };
		780ED3C778C8151F093DE84E /* PwNode.swift in Sources */ = {isa = PBXBuildFile; fileRef = B388611AF2E940951CB91C83 /* PwNode.swift */; };
		9DBB65AD2437C02BA4AB5995 /* Age.swift in Sources */ = {isa = PBXBuildFile; fileRef = 62E58D179FCD1B4C3F7BBE18 /* Age.swift */; };
		B7ECE1F010341AE2D87160D8 /* SettingsView.swift in Sources */ = {isa = PBXBuildFile; fileRef = 7F6A7900AD2C656E12312A42 /* SettingsView.swift */; };
		DD728F762B9392EF00A4BC99 /* libiconv.2.tbd in Frameworks */ = {isa = PBXBuildFile; fileRef = DD728F752B9392DA00A4BC99 /* libiconv.2.tbd */; };
		DD8C97312B93A18800753495 /* libkage_core.a in Frameworks */ = {isa = PBXBuildFile; fileRef = DD8C97302B93A17500753495 /* libkage_core.a */; };
		DDA4B62D2AFDF6A00046DFCE /* kageApp.swift in Sources */ = {isa = PBXBuildFile; fileRef = DDA4B62C2AFDF6A00046DFCE /* kageApp.swift */; };
		DDA4B6312AFDF6A10046DFCE /* Assets.xcassets in Resources */ = {isa = PBXBuildFile; fileRef = DDA4B6302AFDF6A10046DFCE /* Assets.xcassets */; };
		E2B23155701BEA7113C3F4DB /* G.swift in Sources */ = {isa = PBXBuildFile; fileRef = F20324E04859C2C0DC3D8C62 /* G.swift */; };
		EDCD26E61496FE5E345B40CE /* Git.swift in Sources */ = {isa = PBXBuildFile; fileRef = 4F0D8E0ACE255FC38D0D6C8F /* Git.swift */; };
/* End PBXBuildFile section */

/* Begin PBXFileReference section */
		4F0D8E0ACE255FC38D0D6C8F /* Git.swift */ = {isa = PBXFileReference; includeInIndex = 1; lastKnownFileType = sourcecode.swift; path = Git.swift; sourceTree = "<group>"; };
		62E58D179FCD1B4C3F7BBE18 /* Age.swift */ = {isa = PBXFileReference; includeInIndex = 1; lastKnownFileType = sourcecode.swift; path = Age.swift; sourceTree = "<group>"; };
		716EF067A6DF8FB0447ACA87 /* AppView.swift */ = {isa = PBXFileReference; includeInIndex = 1; lastKnownFileType = sourcecode.swift; path = AppView.swift; sourceTree = "<group>"; };
		7589A15AC15B8628E6AF92B5 /* ffiApi.swift */ = {isa = PBXFileReference; includeInIndex = 1; lastKnownFileType = sourcecode.swift; path = ffiApi.swift; sourceTree = "<group>"; };
		7F6A7900AD2C656E12312A42 /* SettingsView.swift */ = {isa = PBXFileReference; includeInIndex = 1; lastKnownFileType = sourcecode.swift; path = SettingsView.swift; sourceTree = "<group>"; };
		B388611AF2E940951CB91C83 /* PwNode.swift */ = {isa = PBXFileReference; includeInIndex = 1; lastKnownFileType = sourcecode.swift; path = PwNode.swift; sourceTree = "<group>"; };
		C2337C17EA24226D839574D9 /* Util.swift */ = {isa = PBXFileReference; includeInIndex = 1; lastKnownFileType = sourcecode.swift; path = Util.swift; sourceTree = "<group>"; };
		DA8FF736CEAF4C4C385FD8CD /* AddView.swift */ = {isa = PBXFileReference; includeInIndex = 1; lastKnownFileType = sourcecode.swift; path = AddView.swift; sourceTree = "<group>"; };
		DD728F752B9392DA00A4BC99 /* libiconv.2.tbd */ = {isa = PBXFileReference; lastKnownFileType = "sourcecode.text-based-dylib-definition"; name = libiconv.2.tbd; path = usr/lib/libiconv.2.tbd; sourceTree = SDKROOT; };
		DD8C97302B93A17500753495 /* libkage_core.a */ = {isa = PBXFileReference; lastKnownFileType = archive.ar; name = libkage_core.a; path = out/libkage_core.a; sourceTree = "<group>"; };
		DDA4B6292AFDF6A00046DFCE /* kage.app */ = {isa = PBXFileReference; explicitFileType = wrapper.application; includeInIndex = 0; path = kage.app; sourceTree = BUILT_PRODUCTS_DIR; };
		DDA4B62C2AFDF6A00046DFCE /* kageApp.swift */ = {isa = PBXFileReference; lastKnownFileType = sourcecode.swift; path = kageApp.swift; sourceTree = "<group>"; };
		DDA4B6302AFDF6A10046DFCE /* Assets.xcassets */ = {isa = PBXFileReference; lastKnownFileType = folder.assetcatalog; path = Assets.xcassets; sourceTree = "<group>"; };
		EF9E5D4DBC06BF413DE2010C /* AppState.swift */ = {isa = PBXFileReference; includeInIndex = 1; lastKnownFileType = sourcecode.swift; path = AppState.swift; sourceTree = "<group>"; };
		F20324E04859C2C0DC3D8C62 /* G.swift */ = {isa = PBXFileReference; includeInIndex = 1; lastKnownFileType = sourcecode.swift; path = G.swift; sourceTree = "<group>"; };
/* End PBXFileReference section */

/* Begin PBXFrameworksBuildPhase section */
		DDA4B6262AFDF6A00046DFCE /* Frameworks */ = {
			isa = PBXFrameworksBuildPhase;
			buildActionMask = 2147483647;
			files = (
				DD8C97312B93A18800753495 /* libkage_core.a in Frameworks */,
				DD728F762B9392EF00A4BC99 /* libiconv.2.tbd in Frameworks */,
			);
			runOnlyForDeploymentPostprocessing = 0;
		};
/* End PBXFrameworksBuildPhase section */

/* Begin PBXGroup section */
		0637CFE505AED851B4CE663F /* Frameworks */ = {
			isa = PBXGroup;
			children = (
				DD8C97302B93A17500753495 /* libkage_core.a */,
				DD728F752B9392DA00A4BC99 /* libiconv.2.tbd */,
			);
			name = Frameworks;
			sourceTree = "<group>";
		};
		DDA4B6202AFDF6A00046DFCE = {
			isa = PBXGroup;
			children = (
				DDA4B62B2AFDF6A00046DFCE /* ios */,
				DDA4B62A2AFDF6A00046DFCE /* Products */,
				0637CFE505AED851B4CE663F /* Frameworks */,
			);
			sourceTree = "<group>";
		};
		DDA4B62A2AFDF6A00046DFCE /* Products */ = {
			isa = PBXGroup;
			children = (
				DDA4B6292AFDF6A00046DFCE /* kage.app */,
			);
			name = Products;
			sourceTree = "<group>";
		};
		DDA4B62B2AFDF6A00046DFCE /* ios */ = {
			isa = PBXGroup;
			children = (
				DDA4B62C2AFDF6A00046DFCE /* kageApp.swift */,
				DDA4B6302AFDF6A10046DFCE /* Assets.xcassets */,
				7589A15AC15B8628E6AF92B5 /* ffiApi.swift */,
				716EF067A6DF8FB0447ACA87 /* AppView.swift */,
				7F6A7900AD2C656E12312A42 /* SettingsView.swift */,
				4F0D8E0ACE255FC38D0D6C8F /* Git.swift */,
				C2337C17EA24226D839574D9 /* Util.swift */,
				62E58D179FCD1B4C3F7BBE18 /* Age.swift */,
				B388611AF2E940951CB91C83 /* PwNode.swift */,
				EF9E5D4DBC06BF413DE2010C /* AppState.swift */,
				F20324E04859C2C0DC3D8C62 /* G.swift */,
				DA8FF736CEAF4C4C385FD8CD /* AddView.swift */,
			);
			path = ios;
			sourceTree = "<group>";
		};
/* End PBXGroup section */

/* Begin PBXNativeTarget section */
		DDA4B6282AFDF6A00046DFCE /* kage */ = {
			isa = PBXNativeTarget;
			buildConfigurationList = DDA4B6372AFDF6A10046DFCE /* Build configuration list for PBXNativeTarget "kage" */;
			buildPhases = (
				DD56D7E32B936D7A006C43CE /* Compile kage-core */,
				DDA4B6252AFDF6A00046DFCE /* Sources */,
				DDA4B6262AFDF6A00046DFCE /* Frameworks */,
				DDA4B6272AFDF6A00046DFCE /* Resources */,
			);
			buildRules = (
			);
			dependencies = (
			);
			name = kage;
			productName = kage;
			productReference = DDA4B6292AFDF6A00046DFCE /* kage.app */;
			productType = "com.apple.product-type.application";
		};
/* End PBXNativeTarget section */

/* Begin PBXProject section */
		DDA4B6212AFDF6A00046DFCE /* Project object */ = {
			isa = PBXProject;
			attributes = {
				BuildIndependentTargetsInParallel = 1;
				LastSwiftUpdateCheck = 1500;
				LastUpgradeCheck = 1500;
				TargetAttributes = {
					DDA4B6282AFDF6A00046DFCE = {
						CreatedOnToolsVersion = 15.0.1;
					};
				};
			};
			buildConfigurationList = DDA4B6242AFDF6A00046DFCE /* Build configuration list for PBXProject "kage" */;
			compatibilityVersion = "Xcode 14.0";
			developmentRegion = en;
			hasScannedForEncodings = 0;
			knownRegions = (
				en,
				Base,
			);
			mainGroup = DDA4B6202AFDF6A00046DFCE;
			productRefGroup = DDA4B62A2AFDF6A00046DFCE /* Products */;
			projectDirPath = "";
			projectRoot = "";
			targets = (
				DDA4B6282AFDF6A00046DFCE /* kage */,
			);
		};
/* End PBXProject section */

/* Begin PBXResourcesBuildPhase section */
		DDA4B6272AFDF6A00046DFCE /* Resources */ = {
			isa = PBXResourcesBuildPhase;
			buildActionMask = 2147483647;
			files = (
				DDA4B6312AFDF6A10046DFCE /* Assets.xcassets in Resources */,
			);
			runOnlyForDeploymentPostprocessing = 0;
		};
/* End PBXResourcesBuildPhase section */

/* Begin PBXShellScriptBuildPhase section */
		DD56D7E32B936D7A006C43CE /* Compile kage-core */ = {
			isa = PBXShellScriptBuildPhase;
			alwaysOutOfDate = 1;
			buildActionMask = 2147483647;
			files = (
			);
			inputFileListPaths = (
			);
			inputPaths = (
			);
			name = "Compile kage-core";
			outputFileListPaths = (
			);
			outputPaths = (
			);
			runOnlyForDeploymentPostprocessing = 0;
			shellPath = /bin/bash;
			shellScript = "$SRCROOT/scripts/build-core.sh\n";
		};
/* End PBXShellScriptBuildPhase section */

/* Begin PBXSourcesBuildPhase section */
		DDA4B6252AFDF6A00046DFCE /* Sources */ = {
			isa = PBXSourcesBuildPhase;
			buildActionMask = 2147483647;
			files = (
				DDA4B62D2AFDF6A00046DFCE /* kageApp.swift in Sources */,
				24EC3A66C120BF7B757CAE3E /* ffiApi.swift in Sources */,
				280C2456F83493EF0464D60B /* AppView.swift in Sources */,
				B7ECE1F010341AE2D87160D8 /* SettingsView.swift in Sources */,
				EDCD26E61496FE5E345B40CE /* Git.swift in Sources */,
				248579D742348DE90B134793 /* Util.swift in Sources */,
				9DBB65AD2437C02BA4AB5995 /* Age.swift in Sources */,
				780ED3C778C8151F093DE84E /* PwNode.swift in Sources */,
				488BC80BAAE8375F6CD6CAFF /* AppState.swift in Sources */,
				E2B23155701BEA7113C3F4DB /* G.swift in Sources */,
				0F45C0AE3DF027585E0A166A /* AddView.swift in Sources */,
			);
			runOnlyForDeploymentPostprocessing = 0;
		};
/* End PBXSourcesBuildPhase section */

/* Begin XCBuildConfiguration section */
		DDA4B6352AFDF6A10046DFCE /* Debug */ = {
			isa = XCBuildConfiguration;
			buildSettings = {
				ALWAYS_SEARCH_USER_PATHS = NO;
				ASSETCATALOG_COMPILER_GENERATE_SWIFT_ASSET_SYMBOL_EXTENSIONS = YES;
				CLANG_ANALYZER_NONNULL = YES;
				CLANG_ANALYZER_NUMBER_OBJECT_CONVERSION = YES_AGGRESSIVE;
				CLANG_CXX_LANGUAGE_STANDARD = "gnu++20";
				CLANG_ENABLE_MODULES = YES;
				CLANG_ENABLE_OBJC_ARC = YES;
				CLANG_ENABLE_OBJC_WEAK = YES;
				CLANG_WARN_BLOCK_CAPTURE_AUTORELEASING = YES;
				CLANG_WARN_BOOL_CONVERSION = YES;
				CLANG_WARN_COMMA = YES;
				CLANG_WARN_CONSTANT_CONVERSION = YES;
				CLANG_WARN_DEPRECATED_OBJC_IMPLEMENTATIONS = YES;
				CLANG_WARN_DIRECT_OBJC_ISA_USAGE = YES_ERROR;
				CLANG_WARN_DOCUMENTATION_COMMENTS = YES;
				CLANG_WARN_EMPTY_BODY = YES;
				CLANG_WARN_ENUM_CONVERSION = YES;
				CLANG_WARN_INFINITE_RECURSION = YES;
				CLANG_WARN_INT_CONVERSION = YES;
				CLANG_WARN_NON_LITERAL_NULL_CONVERSION = YES;
				CLANG_WARN_OBJC_IMPLICIT_RETAIN_SELF = YES;
				CLANG_WARN_OBJC_LITERAL_CONVERSION = YES;
				CLANG_WARN_OBJC_ROOT_CLASS = YES_ERROR;
				CLANG_WARN_QUOTED_INCLUDE_IN_FRAMEWORK_HEADER = YES;
				CLANG_WARN_RANGE_LOOP_ANALYSIS = YES;
				CLANG_WARN_STRICT_PROTOTYPES = YES;
				CLANG_WARN_SUSPICIOUS_MOVE = YES;
				CLANG_WARN_UNGUARDED_AVAILABILITY = YES_AGGRESSIVE;
				CLANG_WARN_UNREACHABLE_CODE = YES;
				CLANG_WARN__DUPLICATE_METHOD_MATCH = YES;
				COPY_PHASE_STRIP = NO;
				DEBUG_INFORMATION_FORMAT = dwarf;
				ENABLE_STRICT_OBJC_MSGSEND = YES;
				ENABLE_TESTABILITY = YES;
				ENABLE_USER_SCRIPT_SANDBOXING = NO;
				GCC_C_LANGUAGE_STANDARD = gnu17;
				GCC_DYNAMIC_NO_PIC = NO;
				GCC_NO_COMMON_BLOCKS = YES;
				GCC_OPTIMIZATION_LEVEL = 0;
				GCC_PREPROCESSOR_DEFINITIONS = (
					"DEBUG=1",
					"$(inherited)",
				);
				GCC_WARN_64_TO_32_BIT_CONVERSION = YES;
				GCC_WARN_ABOUT_RETURN_TYPE = YES_ERROR;
				GCC_WARN_UNDECLARED_SELECTOR = YES;
				GCC_WARN_UNINITIALIZED_AUTOS = YES_AGGRESSIVE;
				GCC_WARN_UNUSED_FUNCTION = YES;
				GCC_WARN_UNUSED_VARIABLE = YES;
				IPHONEOS_DEPLOYMENT_TARGET = 17.0;
				LOCALIZATION_PREFERS_STRING_CATALOGS = YES;
				MTL_ENABLE_DEBUG_INFO = INCLUDE_SOURCE;
				MTL_FAST_MATH = YES;
				ONLY_ACTIVE_ARCH = YES;
				SDKROOT = iphoneos;
				SWIFT_ACTIVE_COMPILATION_CONDITIONS = "DEBUG $(inherited)";
				SWIFT_OPTIMIZATION_LEVEL = "-Onone";
			};
			name = Debug;
		};
		DDA4B6362AFDF6A10046DFCE /* Release */ = {
			isa = XCBuildConfiguration;
			buildSettings = {
				ALWAYS_SEARCH_USER_PATHS = NO;
				ASSETCATALOG_COMPILER_GENERATE_SWIFT_ASSET_SYMBOL_EXTENSIONS = YES;
				CLANG_ANALYZER_NONNULL = YES;
				CLANG_ANALYZER_NUMBER_OBJECT_CONVERSION = YES_AGGRESSIVE;
				CLANG_CXX_LANGUAGE_STANDARD = "gnu++20";
				CLANG_ENABLE_MODULES = YES;
				CLANG_ENABLE_OBJC_ARC = YES;
				CLANG_ENABLE_OBJC_WEAK = YES;
				CLANG_WARN_BLOCK_CAPTURE_AUTORELEASING = YES;
				CLANG_WARN_BOOL_CONVERSION = YES;
				CLANG_WARN_COMMA = YES;
				CLANG_WARN_CONSTANT_CONVERSION = YES;
				CLANG_WARN_DEPRECATED_OBJC_IMPLEMENTATIONS = YES;
				CLANG_WARN_DIRECT_OBJC_ISA_USAGE = YES_ERROR;
				CLANG_WARN_DOCUMENTATION_COMMENTS = YES;
				CLANG_WARN_EMPTY_BODY = YES;
				CLANG_WARN_ENUM_CONVERSION = YES;
				CLANG_WARN_INFINITE_RECURSION = YES;
				CLANG_WARN_INT_CONVERSION = YES;
				CLANG_WARN_NON_LITERAL_NULL_CONVERSION = YES;
				CLANG_WARN_OBJC_IMPLICIT_RETAIN_SELF = YES;
				CLANG_WARN_OBJC_LITERAL_CONVERSION = YES;
				CLANG_WARN_OBJC_ROOT_CLASS = YES_ERROR;
				CLANG_WARN_QUOTED_INCLUDE_IN_FRAMEWORK_HEADER = YES;
				CLANG_WARN_RANGE_LOOP_ANALYSIS = YES;
				CLANG_WARN_STRICT_PROTOTYPES = YES;
				CLANG_WARN_SUSPICIOUS_MOVE = YES;
				CLANG_WARN_UNGUARDED_AVAILABILITY = YES_AGGRESSIVE;
				CLANG_WARN_UNREACHABLE_CODE = YES;
				CLANG_WARN__DUPLICATE_METHOD_MATCH = YES;
				COPY_PHASE_STRIP = NO;
				DEBUG_INFORMATION_FORMAT = "dwarf-with-dsym";
				ENABLE_NS_ASSERTIONS = NO;
				ENABLE_STRICT_OBJC_MSGSEND = YES;
				ENABLE_USER_SCRIPT_SANDBOXING = NO;
				GCC_C_LANGUAGE_STANDARD = gnu17;
				GCC_NO_COMMON_BLOCKS = YES;
				GCC_WARN_64_TO_32_BIT_CONVERSION = YES;
				GCC_WARN_ABOUT_RETURN_TYPE = YES_ERROR;
				GCC_WARN_UNDECLARED_SELECTOR = YES;
				GCC_WARN_UNINITIALIZED_AUTOS = YES_AGGRESSIVE;
				GCC_WARN_UNUSED_FUNCTION = YES;
				GCC_WARN_UNUSED_VARIABLE = YES;
				IPHONEOS_DEPLOYMENT_TARGET = 17.0;
				LOCALIZATION_PREFERS_STRING_CATALOGS = YES;
				MTL_ENABLE_DEBUG_INFO = NO;
				MTL_FAST_MATH = YES;
				SDKROOT = iphoneos;
				SWIFT_COMPILATION_MODE = wholemodule;
				VALIDATE_PRODUCT = YES;
			};
			name = Release;
		};
		DDA4B6382AFDF6A10046DFCE /* Debug */ = {
			isa = XCBuildConfiguration;
			buildSettings = {
				ASSETCATALOG_COMPILER_APPICON_NAME = AppIcon;
				ASSETCATALOG_COMPILER_GLOBAL_ACCENT_COLOR_NAME = AccentColor;
				CODE_SIGN_STYLE = Automatic;
				CURRENT_PROJECT_VERSION = 1;
				DEVELOPMENT_TEAM = R394CK45KY;
				ENABLE_PREVIEWS = NO;
				GENERATE_INFOPLIST_FILE = YES;
				INFOPLIST_KEY_UIApplicationSceneManifest_Generation = YES;
				INFOPLIST_KEY_UIApplicationSupportsIndirectInputEvents = YES;
				INFOPLIST_KEY_UILaunchScreen_Generation = YES;
				INFOPLIST_KEY_UISupportedInterfaceOrientations_iPad = "UIInterfaceOrientationPortrait UIInterfaceOrientationPortraitUpsideDown UIInterfaceOrientationLandscapeLeft UIInterfaceOrientationLandscapeRight";
				INFOPLIST_KEY_UISupportedInterfaceOrientations_iPhone = "UIInterfaceOrientationPortrait UIInterfaceOrientationLandscapeLeft UIInterfaceOrientationLandscapeRight";
				IPHONEOS_DEPLOYMENT_TARGET = 17.2;
				LD_RUNPATH_SEARCH_PATHS = (
					"$(inherited)",
					"@executable_path/Frameworks",
				);
				LIBRARY_SEARCH_PATHS = (
					"$(inherited)",
					"$(PROJECT_DIR)/out",
				);
				MARKETING_VERSION = 1.0;
				PRODUCT_BUNDLE_IDENTIFIER = kafva.kage;
				PRODUCT_NAME = "$(TARGET_NAME)";
				SUPPORTED_PLATFORMS = "iphoneos iphonesimulator";
				SUPPORTS_MACCATALYST = NO;
				SUPPORTS_MAC_DESIGNED_FOR_IPHONE_IPAD = NO;
				SUPPORTS_XR_DESIGNED_FOR_IPHONE_IPAD = NO;
				SWIFT_EMIT_LOC_STRINGS = YES;
				SWIFT_VERSION = 5.0;
				TARGETED_DEVICE_FAMILY = 1;
			};
			name = Debug;
		};
		DDA4B6392AFDF6A10046DFCE /* Release */ = {
			isa = XCBuildConfiguration;
			buildSettings = {
				ASSETCATALOG_COMPILER_APPICON_NAME = AppIcon;
				ASSETCATALOG_COMPILER_GLOBAL_ACCENT_COLOR_NAME = AccentColor;
				CODE_SIGN_STYLE = Automatic;
				CURRENT_PROJECT_VERSION = 1;
				DEVELOPMENT_TEAM = R394CK45KY;
				ENABLE_PREVIEWS = NO;
				GENERATE_INFOPLIST_FILE = YES;
				INFOPLIST_KEY_UIApplicationSceneManifest_Generation = YES;
				INFOPLIST_KEY_UIApplicationSupportsIndirectInputEvents = YES;
				INFOPLIST_KEY_UILaunchScreen_Generation = YES;
				INFOPLIST_KEY_UISupportedInterfaceOrientations_iPad = "UIInterfaceOrientationPortrait UIInterfaceOrientationPortraitUpsideDown UIInterfaceOrientationLandscapeLeft UIInterfaceOrientationLandscapeRight";
				INFOPLIST_KEY_UISupportedInterfaceOrientations_iPhone = "UIInterfaceOrientationPortrait UIInterfaceOrientationLandscapeLeft UIInterfaceOrientationLandscapeRight";
				IPHONEOS_DEPLOYMENT_TARGET = 17.2;
				LD_RUNPATH_SEARCH_PATHS = (
					"$(inherited)",
					"@executable_path/Frameworks",
				);
				LIBRARY_SEARCH_PATHS = (
					"$(inherited)",
					"$(PROJECT_DIR)/out",
				);
				MARKETING_VERSION = 1.0;
				PRODUCT_BUNDLE_IDENTIFIER = kafva.kage;
				PRODUCT_NAME = "$(TARGET_NAME)";
				SUPPORTED_PLATFORMS = "iphoneos iphonesimulator";
				SUPPORTS_MACCATALYST = NO;
				SUPPORTS_MAC_DESIGNED_FOR_IPHONE_IPAD = NO;
				SUPPORTS_XR_DESIGNED_FOR_IPHONE_IPAD = NO;
				SWIFT_EMIT_LOC_STRINGS = YES;
				SWIFT_VERSION = 5.0;
				TARGETED_DEVICE_FAMILY = 1;
			};
			name = Release;
		};
/* End XCBuildConfiguration section */

/* Begin XCConfigurationList section */
		DDA4B6242AFDF6A00046DFCE /* Build configuration list for PBXProject "kage" */ = {
			isa = XCConfigurationList;
			buildConfigurations = (
				DDA4B6352AFDF6A10046DFCE /* Debug */,
				DDA4B6362AFDF6A10046DFCE /* Release */,
			);
			defaultConfigurationIsVisible = 0;
			defaultConfigurationName = Release;
		};
		DDA4B6372AFDF6A10046DFCE /* Build configuration list for PBXNativeTarget "kage" */ = {
			isa = XCConfigurationList;
			buildConfigurations = (
				DDA4B6382AFDF6A10046DFCE /* Debug */,
				DDA4B6392AFDF6A10046DFCE /* Release */,
			);
			defaultConfigurationIsVisible = 0;
			defaultConfigurationName = Release;
		};
/* End XCConfigurationList section */
	};
	rootObject = DDA4B6212AFDF6A00046DFCE /* Project object */;
}
