// !$*UTF8*$!
{
	archiveVersion = 1;
	classes = {
	};
	objectVersion = 70;
	objects = {

/* Begin PBXBuildFile section */
		0483E1171307027706C5A75A /* kageApp.swift in Sources */ = {isa = PBXBuildFile; fileRef = 75617912BD64DF14C3F57F2B /* kageApp.swift */; };
		1AAE5A4D90530A128191EFE5 /* AppError.swift in Sources */ = {isa = PBXBuildFile; fileRef = 053F01E1B08FD597C103AB7E /* AppError.swift */; };
		22F2C5963E18B5A86816740C /* AppView.swift in Sources */ = {isa = PBXBuildFile; fileRef = 3B56BBAAFA1CAE547B46EBC3 /* AppView.swift */; };
		2C0D6D025D0DFEBB1F73D489 /* TreeView.swift in Sources */ = {isa = PBXBuildFile; fileRef = BE695AFABD7183E95F01C7E0 /* TreeView.swift */; };
		2F2AB49962B9B00B0C5DAFC6 /* Age.swift in Sources */ = {isa = PBXBuildFile; fileRef = B83214380B3D83D1D6622731 /* Age.swift */; };
		3F1CC9B2E60771104CCD4A7D /* ErrorView.swift in Sources */ = {isa = PBXBuildFile; fileRef = E1AC5455F9011E92EC973934 /* ErrorView.swift */; };
		50578F7843F3910FD636A12A /* Const.swift in Sources */ = {isa = PBXBuildFile; fileRef = AB0C9DBCBCBD67E8BC6CDE42 /* Const.swift */; };
		661147213382961306BC8DED /* SearchView.swift in Sources */ = {isa = PBXBuildFile; fileRef = 5AC568B469A535777B34A514 /* SearchView.swift */; };
		8434B739EF4DBF51ED3B2EF9 /* PwNode.swift in Sources */ = {isa = PBXBuildFile; fileRef = 92D9D80F1FFDE56912E55422 /* PwNode.swift */; };
		A13220ADDD6F04ED791D7A79 /* HistoryView.swift in Sources */ = {isa = PBXBuildFile; fileRef = 7B8E529A5DE0C7D99D72FD11 /* HistoryView.swift */; };
		A425F08E3577DDAC666805C0 /* DeviceLogger.swift in Sources */ = {isa = PBXBuildFile; fileRef = 4608B9EDE0D43093B05C59E1 /* DeviceLogger.swift */; };
		C34C3F9FFEC40500376B27B6 /* String.swift in Sources */ = {isa = PBXBuildFile; fileRef = FCD57CC8EEE4290B3C5ED21D /* String.swift */; };
		C471F825A6F62A062C99DD51 /* Git.swift in Sources */ = {isa = PBXBuildFile; fileRef = D89F6D64008ADA8F9053DDBA /* Git.swift */; };
		D01503049DD6310B8F8E5640 /* PwNodeView.swift in Sources */ = {isa = PBXBuildFile; fileRef = A5AD9E33A1B0C03156A54DC9 /* PwNodeView.swift */; };
		DD0DFB192C789E710055B83E /* PwNode.swift in Sources */ = {isa = PBXBuildFile; fileRef = 92D9D80F1FFDE56912E55422 /* PwNode.swift */; };
		DD0DFB1A2C789E770055B83E /* FileManager.swift in Sources */ = {isa = PBXBuildFile; fileRef = 79294E7996D2AD5AD011047B /* FileManager.swift */; };
		DD0DFB1C2C789E850055B83E /* DeviceLogger.swift in Sources */ = {isa = PBXBuildFile; fileRef = 4608B9EDE0D43093B05C59E1 /* DeviceLogger.swift */; };
		DD0DFB1D2C789E8D0055B83E /* String.swift in Sources */ = {isa = PBXBuildFile; fileRef = FCD57CC8EEE4290B3C5ED21D /* String.swift */; };
		DD0DFB1F2C789FD80055B83E /* AppError.swift in Sources */ = {isa = PBXBuildFile; fileRef = 053F01E1B08FD597C103AB7E /* AppError.swift */; };
		DD238E592E3A78520045D824 /* Const.swift in Sources */ = {isa = PBXBuildFile; fileRef = AB0C9DBCBCBD67E8BC6CDE42 /* Const.swift */; };
		DD5DC7F72C78E1B2004DC4A8 /* AppState.swift in Sources */ = {isa = PBXBuildFile; fileRef = 3F64EF6F53B5743A7C3BC877 /* AppState.swift */; };
		DD5DC7F82C78E1F3004DC4A8 /* Age.swift in Sources */ = {isa = PBXBuildFile; fileRef = B83214380B3D83D1D6622731 /* Age.swift */; };
		DD5DC7F92C78E1FA004DC4A8 /* Git.swift in Sources */ = {isa = PBXBuildFile; fileRef = D89F6D64008ADA8F9053DDBA /* Git.swift */; };
		DD5DC7FA2C78E243004DC4A8 /* CommitInfo.swift in Sources */ = {isa = PBXBuildFile; fileRef = 4093DCFAB0E3D446DF6E07A0 /* CommitInfo.swift */; };
		DD6D27002C5E5C5700B8089C /* Assets.xcassets in Resources */ = {isa = PBXBuildFile; fileRef = DD6D26FF2C5E5C5700B8089C /* Assets.xcassets */; };
		DD728F762B9392EF00A4BC99 /* libiconv.2.tbd in Frameworks */ = {isa = PBXBuildFile; fileRef = DD728F752B9392DA00A4BC99 /* libiconv.2.tbd */; };
		DD8895D02D3BFB0300D41F00 /* Localizable.xcstrings in Resources */ = {isa = PBXBuildFile; fileRef = DD8895CF2D3BFB0300D41F00 /* Localizable.xcstrings */; };
		DDBC8BA370FC2B4A8BEB153F /* CommitInfo.swift in Sources */ = {isa = PBXBuildFile; fileRef = 4093DCFAB0E3D446DF6E07A0 /* CommitInfo.swift */; };
		DDC228C62C82F17D00A51E1C /* PasswordView.swift in Sources */ = {isa = PBXBuildFile; fileRef = DDC228C52C82F17D00A51E1C /* PasswordView.swift */; };
		DDD52A572C79C1F70008CE73 /* PwManager.swift in Sources */ = {isa = PBXBuildFile; fileRef = DDD52A562C79C1F70008CE73 /* PwManager.swift */; };
		DDD52A582C79C1F70008CE73 /* PwManager.swift in Sources */ = {isa = PBXBuildFile; fileRef = DDD52A562C79C1F70008CE73 /* PwManager.swift */; };
		DDD52A6A2C7B2F8A0008CE73 /* ErrorTileView.swift in Sources */ = {isa = PBXBuildFile; fileRef = DDD52A692C7B2F8A0008CE73 /* ErrorTileView.swift */; };
		DDD52A6D2C7B2FA00008CE73 /* View.swift in Sources */ = {isa = PBXBuildFile; fileRef = DDD52A6C2C7B2FA00008CE73 /* View.swift */; };
		DDD52A6E2C7B2FA00008CE73 /* ScenePhase.swift in Sources */ = {isa = PBXBuildFile; fileRef = DDD52A6B2C7B2FA00008CE73 /* ScenePhase.swift */; };
		DDE56F8D2C569F210072C726 /* libz.1.2.12.tbd in Frameworks */ = {isa = PBXBuildFile; fileRef = DDE56F8C2C569F210072C726 /* libz.1.2.12.tbd */; };
		DDFB7FA92C56A43A00972D43 /* libkage_core.a in Frameworks */ = {isa = PBXBuildFile; fileRef = DDFB7FA82C56A43A00972D43 /* libkage_core.a */; };
		DE05C76D3D3D227CCBFA851F /* TileView.swift in Sources */ = {isa = PBXBuildFile; fileRef = FDA32EA556C590828725DDA5 /* TileView.swift */; };
		EE460C7A0EBEAE5EAA46F45A /* AppState.swift in Sources */ = {isa = PBXBuildFile; fileRef = 3F64EF6F53B5743A7C3BC877 /* AppState.swift */; };
		F23F9F5FA348B2447751B8E1 /* FileManager.swift in Sources */ = {isa = PBXBuildFile; fileRef = 79294E7996D2AD5AD011047B /* FileManager.swift */; };
		F29F4F7C77539F7248D29841 /* SettingsView.swift in Sources */ = {isa = PBXBuildFile; fileRef = 53FFC16B27941969597BA5FA /* SettingsView.swift */; };
/* End PBXBuildFile section */

/* Begin PBXContainerItemProxy section */
		DDC84DF82C730C25003E009D /* PBXContainerItemProxy */ = {
			isa = PBXContainerItemProxy;
			containerPortal = DDA4B6212AFDF6A00046DFCE /* Project object */;
			proxyType = 1;
			remoteGlobalIDString = DDA4B6282AFDF6A00046DFCE;
			remoteInfo = kage;
		};
/* End PBXContainerItemProxy section */

/* Begin PBXFileReference section */
		053F01E1B08FD597C103AB7E /* AppError.swift */ = {isa = PBXFileReference; includeInIndex = 1; lastKnownFileType = sourcecode.swift; name = AppError.swift; path = types/AppError.swift; sourceTree = "<group>"; };
		3B56BBAAFA1CAE547B46EBC3 /* AppView.swift */ = {isa = PBXFileReference; includeInIndex = 1; lastKnownFileType = sourcecode.swift; name = AppView.swift; path = views/AppView.swift; sourceTree = "<group>"; };
		3F64EF6F53B5743A7C3BC877 /* AppState.swift */ = {isa = PBXFileReference; includeInIndex = 1; lastKnownFileType = sourcecode.swift; path = AppState.swift; sourceTree = "<group>"; };
		4093DCFAB0E3D446DF6E07A0 /* CommitInfo.swift */ = {isa = PBXFileReference; includeInIndex = 1; lastKnownFileType = sourcecode.swift; name = CommitInfo.swift; path = types/CommitInfo.swift; sourceTree = "<group>"; };
		4608B9EDE0D43093B05C59E1 /* DeviceLogger.swift */ = {isa = PBXFileReference; includeInIndex = 1; lastKnownFileType = sourcecode.swift; path = DeviceLogger.swift; sourceTree = "<group>"; };
		53FFC16B27941969597BA5FA /* SettingsView.swift */ = {isa = PBXFileReference; includeInIndex = 1; lastKnownFileType = sourcecode.swift; name = SettingsView.swift; path = views/SettingsView.swift; sourceTree = "<group>"; };
		5AC568B469A535777B34A514 /* SearchView.swift */ = {isa = PBXFileReference; includeInIndex = 1; lastKnownFileType = sourcecode.swift; name = SearchView.swift; path = views/SearchView.swift; sourceTree = "<group>"; };
		75617912BD64DF14C3F57F2B /* kageApp.swift */ = {isa = PBXFileReference; includeInIndex = 1; lastKnownFileType = sourcecode.swift; path = kageApp.swift; sourceTree = "<group>"; };
		79294E7996D2AD5AD011047B /* FileManager.swift */ = {isa = PBXFileReference; includeInIndex = 1; lastKnownFileType = sourcecode.swift; name = FileManager.swift; path = extensions/FileManager.swift; sourceTree = "<group>"; };
		7B8E529A5DE0C7D99D72FD11 /* HistoryView.swift */ = {isa = PBXFileReference; includeInIndex = 1; lastKnownFileType = sourcecode.swift; name = HistoryView.swift; path = views/HistoryView.swift; sourceTree = "<group>"; };
		92D9D80F1FFDE56912E55422 /* PwNode.swift */ = {isa = PBXFileReference; includeInIndex = 1; lastKnownFileType = sourcecode.swift; name = PwNode.swift; path = types/PwNode.swift; sourceTree = "<group>"; };
		A5AD9E33A1B0C03156A54DC9 /* PwNodeView.swift */ = {isa = PBXFileReference; includeInIndex = 1; lastKnownFileType = sourcecode.swift; name = PwNodeView.swift; path = views/PwNodeView.swift; sourceTree = "<group>"; };
		AB0C9DBCBCBD67E8BC6CDE42 /* Const.swift */ = {isa = PBXFileReference; includeInIndex = 1; lastKnownFileType = sourcecode.swift; path = Const.swift; sourceTree = "<group>"; };
		B83214380B3D83D1D6622731 /* Age.swift */ = {isa = PBXFileReference; includeInIndex = 1; lastKnownFileType = sourcecode.swift; path = Age.swift; sourceTree = "<group>"; };
		BE695AFABD7183E95F01C7E0 /* TreeView.swift */ = {isa = PBXFileReference; includeInIndex = 1; lastKnownFileType = sourcecode.swift; name = TreeView.swift; path = views/TreeView.swift; sourceTree = "<group>"; };
		D89F6D64008ADA8F9053DDBA /* Git.swift */ = {isa = PBXFileReference; includeInIndex = 1; lastKnownFileType = sourcecode.swift; path = Git.swift; sourceTree = "<group>"; };
		DD0DFB202C78A0920055B83E /* kageTests.xctestplan */ = {isa = PBXFileReference; lastKnownFileType = text; path = kageTests.xctestplan; sourceTree = "<group>"; };
		DD6D26FF2C5E5C5700B8089C /* Assets.xcassets */ = {isa = PBXFileReference; lastKnownFileType = folder.assetcatalog; path = Assets.xcassets; sourceTree = "<group>"; };
		DD728F752B9392DA00A4BC99 /* libiconv.2.tbd */ = {isa = PBXFileReference; lastKnownFileType = "sourcecode.text-based-dylib-definition"; name = libiconv.2.tbd; path = usr/lib/libiconv.2.tbd; sourceTree = SDKROOT; };
		DD8895CF2D3BFB0300D41F00 /* Localizable.xcstrings */ = {isa = PBXFileReference; lastKnownFileType = text.json.xcstrings; name = Localizable.xcstrings; path = locale/Localizable.xcstrings; sourceTree = "<group>"; };
		DDA4B6292AFDF6A00046DFCE /* kage.app */ = {isa = PBXFileReference; explicitFileType = wrapper.application; includeInIndex = 0; path = kage.app; sourceTree = BUILT_PRODUCTS_DIR; };
		DDC228C52C82F17D00A51E1C /* PasswordView.swift */ = {isa = PBXFileReference; lastKnownFileType = sourcecode.swift; name = PasswordView.swift; path = views/PasswordView.swift; sourceTree = "<group>"; };
		DDC84DF42C730C25003E009D /* kageTests.xctest */ = {isa = PBXFileReference; explicitFileType = wrapper.cfbundle; includeInIndex = 0; path = kageTests.xctest; sourceTree = BUILT_PRODUCTS_DIR; };
		DDD52A562C79C1F70008CE73 /* PwManager.swift */ = {isa = PBXFileReference; lastKnownFileType = sourcecode.swift; path = PwManager.swift; sourceTree = "<group>"; };
		DDD52A692C7B2F8A0008CE73 /* ErrorTileView.swift */ = {isa = PBXFileReference; lastKnownFileType = sourcecode.swift; name = ErrorTileView.swift; path = views/ErrorTileView.swift; sourceTree = "<group>"; };
		DDD52A6B2C7B2FA00008CE73 /* ScenePhase.swift */ = {isa = PBXFileReference; lastKnownFileType = sourcecode.swift; name = ScenePhase.swift; path = extensions/ScenePhase.swift; sourceTree = "<group>"; };
		DDD52A6C2C7B2FA00008CE73 /* View.swift */ = {isa = PBXFileReference; lastKnownFileType = sourcecode.swift; name = View.swift; path = extensions/View.swift; sourceTree = "<group>"; };
		DDE56F8C2C569F210072C726 /* libz.1.2.12.tbd */ = {isa = PBXFileReference; lastKnownFileType = "sourcecode.text-based-dylib-definition"; name = libz.1.2.12.tbd; path = usr/lib/libz.1.2.12.tbd; sourceTree = SDKROOT; };
		DDFB7FA82C56A43A00972D43 /* libkage_core.a */ = {isa = PBXFileReference; lastKnownFileType = archive.ar; name = libkage_core.a; path = dist/libkage_core.a; sourceTree = "<group>"; };
		E1AC5455F9011E92EC973934 /* ErrorView.swift */ = {isa = PBXFileReference; includeInIndex = 1; lastKnownFileType = sourcecode.swift; name = ErrorView.swift; path = views/ErrorView.swift; sourceTree = "<group>"; };
		FCD57CC8EEE4290B3C5ED21D /* String.swift */ = {isa = PBXFileReference; includeInIndex = 1; lastKnownFileType = sourcecode.swift; name = String.swift; path = extensions/String.swift; sourceTree = "<group>"; };
		FDA32EA556C590828725DDA5 /* TileView.swift */ = {isa = PBXFileReference; includeInIndex = 1; lastKnownFileType = sourcecode.swift; name = TileView.swift; path = views/TileView.swift; sourceTree = "<group>"; };
/* End PBXFileReference section */

/* Begin PBXFileSystemSynchronizedRootGroup section */
		DDC84DF52C730C25003E009D /* tests */ = {isa = PBXFileSystemSynchronizedRootGroup; explicitFileTypes = {}; explicitFolders = (); path = tests; sourceTree = "<group>"; };
/* End PBXFileSystemSynchronizedRootGroup section */

/* Begin PBXFrameworksBuildPhase section */
		DDA4B6262AFDF6A00046DFCE /* Frameworks */ = {
			isa = PBXFrameworksBuildPhase;
			buildActionMask = 2147483647;
			files = (
				DDFB7FA92C56A43A00972D43 /* libkage_core.a in Frameworks */,
				DDE56F8D2C569F210072C726 /* libz.1.2.12.tbd in Frameworks */,
				DD728F762B9392EF00A4BC99 /* libiconv.2.tbd in Frameworks */,
			);
			runOnlyForDeploymentPostprocessing = 0;
		};
		DDC84DF12C730C25003E009D /* Frameworks */ = {
			isa = PBXFrameworksBuildPhase;
			buildActionMask = 2147483647;
			files = (
			);
			runOnlyForDeploymentPostprocessing = 0;
		};
/* End PBXFrameworksBuildPhase section */

/* Begin PBXGroup section */
		0637CFE505AED851B4CE663F /* Frameworks */ = {
			isa = PBXGroup;
			children = (
				DDFB7FA82C56A43A00972D43 /* libkage_core.a */,
				DDE56F8C2C569F210072C726 /* libz.1.2.12.tbd */,
				DD728F752B9392DA00A4BC99 /* libiconv.2.tbd */,
			);
			name = Frameworks;
			sourceTree = "<group>";
		};
		DD0ADA602C57580E0006B2E8 /* src */ = {
			isa = PBXGroup;
			children = (
				DD8895CF2D3BFB0300D41F00 /* Localizable.xcstrings */,
				DDC228C52C82F17D00A51E1C /* PasswordView.swift */,
				DDD52A6B2C7B2FA00008CE73 /* ScenePhase.swift */,
				DDD52A6C2C7B2FA00008CE73 /* View.swift */,
				DDD52A692C7B2F8A0008CE73 /* ErrorTileView.swift */,
				DDD52A562C79C1F70008CE73 /* PwManager.swift */,
				DD6D26FF2C5E5C5700B8089C /* Assets.xcassets */,
				B83214380B3D83D1D6622731 /* Age.swift */,
				3F64EF6F53B5743A7C3BC877 /* AppState.swift */,
				75617912BD64DF14C3F57F2B /* kageApp.swift */,
				053F01E1B08FD597C103AB7E /* AppError.swift */,
				92D9D80F1FFDE56912E55422 /* PwNode.swift */,
				79294E7996D2AD5AD011047B /* FileManager.swift */,
				FCD57CC8EEE4290B3C5ED21D /* String.swift */,
				4608B9EDE0D43093B05C59E1 /* DeviceLogger.swift */,
				D89F6D64008ADA8F9053DDBA /* Git.swift */,
				53FFC16B27941969597BA5FA /* SettingsView.swift */,
				3B56BBAAFA1CAE547B46EBC3 /* AppView.swift */,
				5AC568B469A535777B34A514 /* SearchView.swift */,
				BE695AFABD7183E95F01C7E0 /* TreeView.swift */,
				FDA32EA556C590828725DDA5 /* TileView.swift */,
				A5AD9E33A1B0C03156A54DC9 /* PwNodeView.swift */,
				7B8E529A5DE0C7D99D72FD11 /* HistoryView.swift */,
				E1AC5455F9011E92EC973934 /* ErrorView.swift */,
				4093DCFAB0E3D446DF6E07A0 /* CommitInfo.swift */,
				AB0C9DBCBCBD67E8BC6CDE42 /* Const.swift */,
			);
			path = src;
			sourceTree = "<group>";
		};
		DDA4B6202AFDF6A00046DFCE = {
			isa = PBXGroup;
			children = (
				DD0DFB202C78A0920055B83E /* kageTests.xctestplan */,
				DD0ADA602C57580E0006B2E8 /* src */,
				DDC84DF52C730C25003E009D /* tests */,
				DDA4B62A2AFDF6A00046DFCE /* Products */,
				0637CFE505AED851B4CE663F /* Frameworks */,
			);
			sourceTree = "<group>";
		};
		DDA4B62A2AFDF6A00046DFCE /* Products */ = {
			isa = PBXGroup;
			children = (
				DDA4B6292AFDF6A00046DFCE /* kage.app */,
				DDC84DF42C730C25003E009D /* kageTests.xctest */,
			);
			name = Products;
			sourceTree = "<group>";
		};
/* End PBXGroup section */

/* Begin PBXNativeTarget section */
		DDA4B6282AFDF6A00046DFCE /* kage */ = {
			isa = PBXNativeTarget;
			buildConfigurationList = DDA4B6372AFDF6A10046DFCE /* Build configuration list for PBXNativeTarget "kage" */;
			buildPhases = (
				DD65F7532BD3954000D91387 /* Add version string to Info.plist */,
				DD56D7E32B936D7A006C43CE /* Compile kage-core */,
				DDA4B6252AFDF6A00046DFCE /* Sources */,
				DDA4B6262AFDF6A00046DFCE /* Frameworks */,
				DDA4B6272AFDF6A00046DFCE /* Resources */,
			);
			buildRules = (
			);
			dependencies = (
			);
			name = kage;
			productName = kage;
			productReference = DDA4B6292AFDF6A00046DFCE /* kage.app */;
			productType = "com.apple.product-type.application";
		};
		DDC84DF32C730C25003E009D /* kageTests */ = {
			isa = PBXNativeTarget;
			buildConfigurationList = DDC84DFA2C730C25003E009D /* Build configuration list for PBXNativeTarget "kageTests" */;
			buildPhases = (
				DDC84DF02C730C25003E009D /* Sources */,
				DDC84DF12C730C25003E009D /* Frameworks */,
				DDC84DF22C730C25003E009D /* Resources */,
			);
			buildRules = (
			);
			dependencies = (
				DDC84DF92C730C25003E009D /* PBXTargetDependency */,
			);
			fileSystemSynchronizedGroups = (
				DDC84DF52C730C25003E009D /* tests */,
			);
			name = kageTests;
			productName = kageTests;
			productReference = DDC84DF42C730C25003E009D /* kageTests.xctest */;
			productType = "com.apple.product-type.bundle.unit-test";
		};
/* End PBXNativeTarget section */

/* Begin PBXProject section */
		DDA4B6212AFDF6A00046DFCE /* Project object */ = {
			isa = PBXProject;
			attributes = {
				BuildIndependentTargetsInParallel = 1;
				LastSwiftUpdateCheck = 1600;
				LastUpgradeCheck = 1620;
				TargetAttributes = {
					DDA4B6282AFDF6A00046DFCE = {
						CreatedOnToolsVersion = 15.0.1;
					};
					DDC84DF32C730C25003E009D = {
						CreatedOnToolsVersion = 16.0;
						TestTargetID = DDA4B6282AFDF6A00046DFCE;
					};
				};
			};
			buildConfigurationList = DDA4B6242AFDF6A00046DFCE /* Build configuration list for PBXProject "kage" */;
			compatibilityVersion = "Xcode 14.0";
			developmentRegion = en;
			hasScannedForEncodings = 0;
			knownRegions = (
				en,
				Base,
				sv,
			);
			mainGroup = DDA4B6202AFDF6A00046DFCE;
			productRefGroup = DDA4B62A2AFDF6A00046DFCE /* Products */;
			projectDirPath = "";
			projectRoot = "";
			targets = (
				DDA4B6282AFDF6A00046DFCE /* kage */,
				DDC84DF32C730C25003E009D /* kageTests */,
			);
		};
/* End PBXProject section */

/* Begin PBXResourcesBuildPhase section */
		DDA4B6272AFDF6A00046DFCE /* Resources */ = {
			isa = PBXResourcesBuildPhase;
			buildActionMask = 2147483647;
			files = (
				DD8895D02D3BFB0300D41F00 /* Localizable.xcstrings in Resources */,
				DD6D27002C5E5C5700B8089C /* Assets.xcassets in Resources */,
			);
			runOnlyForDeploymentPostprocessing = 0;
		};
		DDC84DF22C730C25003E009D /* Resources */ = {
			isa = PBXResourcesBuildPhase;
			buildActionMask = 2147483647;
			files = (
			);
			runOnlyForDeploymentPostprocessing = 0;
		};
/* End PBXResourcesBuildPhase section */

/* Begin PBXShellScriptBuildPhase section */
		DD56D7E32B936D7A006C43CE /* Compile kage-core */ = {
			isa = PBXShellScriptBuildPhase;
			alwaysOutOfDate = 1;
			buildActionMask = 2147483647;
			files = (
			);
			inputFileListPaths = (
			);
			inputPaths = (
			);
			name = "Compile kage-core";
			outputFileListPaths = (
			);
			outputPaths = (
			);
			runOnlyForDeploymentPostprocessing = 0;
			shellPath = /bin/bash;
			shellScript = "rm -rf ./dist; rm -rf ../core/target; env -i TARGET_DEVICE_PLATFORM_NAME=\"$TARGET_DEVICE_PLATFORM_NAME\" CONFIGURATION=\"$CONFIGURATION\" PATH=/bin:/usr/bin:/usr/sbin:/sbin:$HOME/.cargo/bin make -C ../core ios\n";
		};
		DD65F7532BD3954000D91387 /* Add version string to Info.plist */ = {
			isa = PBXShellScriptBuildPhase;
			alwaysOutOfDate = 1;
			buildActionMask = 2147483647;
			files = (
			);
			inputFileListPaths = (
			);
			inputPaths = (
			);
			name = "Add version string to Info.plist";
			outputFileListPaths = (
			);
			outputPaths = (
				"$(SRCDIR)/src/Info.plist",
			);
			runOnlyForDeploymentPostprocessing = 0;
			shellPath = /bin/bash;
			shellScript = "./tools/setversion.sh\n";
		};
/* End PBXShellScriptBuildPhase section */

/* Begin PBXSourcesBuildPhase section */
		DDA4B6252AFDF6A00046DFCE /* Sources */ = {
			isa = PBXSourcesBuildPhase;
			buildActionMask = 2147483647;
			files = (
				2F2AB49962B9B00B0C5DAFC6 /* Age.swift in Sources */,
				EE460C7A0EBEAE5EAA46F45A /* AppState.swift in Sources */,
				0483E1171307027706C5A75A /* kageApp.swift in Sources */,
				1AAE5A4D90530A128191EFE5 /* AppError.swift in Sources */,
				DDD52A582C79C1F70008CE73 /* PwManager.swift in Sources */,
				8434B739EF4DBF51ED3B2EF9 /* PwNode.swift in Sources */,
				F23F9F5FA348B2447751B8E1 /* FileManager.swift in Sources */,
				DDD52A6D2C7B2FA00008CE73 /* View.swift in Sources */,
				DDD52A6E2C7B2FA00008CE73 /* ScenePhase.swift in Sources */,
				DDD52A6A2C7B2F8A0008CE73 /* ErrorTileView.swift in Sources */,
				C34C3F9FFEC40500376B27B6 /* String.swift in Sources */,
				A425F08E3577DDAC666805C0 /* DeviceLogger.swift in Sources */,
				C471F825A6F62A062C99DD51 /* Git.swift in Sources */,
				F29F4F7C77539F7248D29841 /* SettingsView.swift in Sources */,
				22F2C5963E18B5A86816740C /* AppView.swift in Sources */,
				661147213382961306BC8DED /* SearchView.swift in Sources */,
				DDC228C62C82F17D00A51E1C /* PasswordView.swift in Sources */,
				2C0D6D025D0DFEBB1F73D489 /* TreeView.swift in Sources */,
				DE05C76D3D3D227CCBFA851F /* TileView.swift in Sources */,
				D01503049DD6310B8F8E5640 /* PwNodeView.swift in Sources */,
				A13220ADDD6F04ED791D7A79 /* HistoryView.swift in Sources */,
				3F1CC9B2E60771104CCD4A7D /* ErrorView.swift in Sources */,
				DDBC8BA370FC2B4A8BEB153F /* CommitInfo.swift in Sources */,
				50578F7843F3910FD636A12A /* Const.swift in Sources */,
			);
			runOnlyForDeploymentPostprocessing = 0;
		};
		DDC84DF02C730C25003E009D /* Sources */ = {
			isa = PBXSourcesBuildPhase;
			buildActionMask = 2147483647;
			files = (
				DD238E592E3A78520045D824 /* Const.swift in Sources */,
				DD5DC7FA2C78E243004DC4A8 /* CommitInfo.swift in Sources */,
				DD5DC7F92C78E1FA004DC4A8 /* Git.swift in Sources */,
				DD5DC7F82C78E1F3004DC4A8 /* Age.swift in Sources */,
				DD5DC7F72C78E1B2004DC4A8 /* AppState.swift in Sources */,
				DD0DFB1F2C789FD80055B83E /* AppError.swift in Sources */,
				DD0DFB1D2C789E8D0055B83E /* String.swift in Sources */,
				DD0DFB1A2C789E770055B83E /* FileManager.swift in Sources */,
				DD0DFB192C789E710055B83E /* PwNode.swift in Sources */,
				DD0DFB1C2C789E850055B83E /* DeviceLogger.swift in Sources */,
				DDD52A572C79C1F70008CE73 /* PwManager.swift in Sources */,
			);
			runOnlyForDeploymentPostprocessing = 0;
		};
/* End PBXSourcesBuildPhase section */

/* Begin PBXTargetDependency section */
		DDC84DF92C730C25003E009D /* PBXTargetDependency */ = {
			isa = PBXTargetDependency;
			target = DDA4B6282AFDF6A00046DFCE /* kage */;
			targetProxy = DDC84DF82C730C25003E009D /* PBXContainerItemProxy */;
		};
/* End PBXTargetDependency section */

/* Begin XCBuildConfiguration section */
		DDA4B6352AFDF6A10046DFCE /* Debug */ = {
			isa = XCBuildConfiguration;
			buildSettings = {
				ALWAYS_SEARCH_USER_PATHS = NO;
				ASSETCATALOG_COMPILER_GENERATE_SWIFT_ASSET_SYMBOL_EXTENSIONS = YES;
				CLANG_ANALYZER_LOCALIZABILITY_NONLOCALIZED = YES;
				CLANG_ANALYZER_NONNULL = YES;
				CLANG_ANALYZER_NUMBER_OBJECT_CONVERSION = YES_AGGRESSIVE;
				CLANG_CXX_LANGUAGE_STANDARD = "gnu++20";
				CLANG_ENABLE_MODULES = YES;
				CLANG_ENABLE_OBJC_ARC = YES;
				CLANG_ENABLE_OBJC_WEAK = YES;
				CLANG_WARN_BLOCK_CAPTURE_AUTORELEASING = YES;
				CLANG_WARN_BOOL_CONVERSION = YES;
				CLANG_WARN_COMMA = YES;
				CLANG_WARN_CONSTANT_CONVERSION = YES;
				CLANG_WARN_DEPRECATED_OBJC_IMPLEMENTATIONS = YES;
				CLANG_WARN_DIRECT_OBJC_ISA_USAGE = YES_ERROR;
				CLANG_WARN_DOCUMENTATION_COMMENTS = YES;
				CLANG_WARN_EMPTY_BODY = YES;
				CLANG_WARN_ENUM_CONVERSION = YES;
				CLANG_WARN_INFINITE_RECURSION = YES;
				CLANG_WARN_INT_CONVERSION = YES;
				CLANG_WARN_NON_LITERAL_NULL_CONVERSION = YES;
				CLANG_WARN_OBJC_IMPLICIT_RETAIN_SELF = YES;
				CLANG_WARN_OBJC_LITERAL_CONVERSION = YES;
				CLANG_WARN_OBJC_ROOT_CLASS = YES_ERROR;
				CLANG_WARN_QUOTED_INCLUDE_IN_FRAMEWORK_HEADER = YES;
				CLANG_WARN_RANGE_LOOP_ANALYSIS = YES;
				CLANG_WARN_STRICT_PROTOTYPES = YES;
				CLANG_WARN_SUSPICIOUS_MOVE = YES;
				CLANG_WARN_UNGUARDED_AVAILABILITY = YES_AGGRESSIVE;
				CLANG_WARN_UNREACHABLE_CODE = YES;
				CLANG_WARN__DUPLICATE_METHOD_MATCH = YES;
				COPY_PHASE_STRIP = NO;
				DEBUG_INFORMATION_FORMAT = dwarf;
				ENABLE_STRICT_OBJC_MSGSEND = YES;
				ENABLE_TESTABILITY = YES;
				ENABLE_USER_SCRIPT_SANDBOXING = NO;
				GCC_C_LANGUAGE_STANDARD = gnu17;
				GCC_DYNAMIC_NO_PIC = NO;
				GCC_NO_COMMON_BLOCKS = YES;
				GCC_OPTIMIZATION_LEVEL = 0;
				GCC_PREPROCESSOR_DEFINITIONS = (
					"DEBUG=1",
					"$(inherited)",
				);
				GCC_WARN_64_TO_32_BIT_CONVERSION = YES;
				GCC_WARN_ABOUT_RETURN_TYPE = YES_ERROR;
				GCC_WARN_UNDECLARED_SELECTOR = YES;
				GCC_WARN_UNINITIALIZED_AUTOS = YES_AGGRESSIVE;
				GCC_WARN_UNUSED_FUNCTION = YES;
				GCC_WARN_UNUSED_VARIABLE = YES;
				IPHONEOS_DEPLOYMENT_TARGET = 17.0;
				LOCALIZATION_PREFERS_STRING_CATALOGS = YES;
				MTL_ENABLE_DEBUG_INFO = INCLUDE_SOURCE;
				MTL_FAST_MATH = YES;
				ONLY_ACTIVE_ARCH = YES;
				SDKROOT = iphoneos;
				SWIFT_ACTIVE_COMPILATION_CONDITIONS = "DEBUG $(inherited)";
				SWIFT_EMIT_LOC_STRINGS = YES;
				SWIFT_OPTIMIZATION_LEVEL = "-Onone";
			};
			name = Debug;
		};
		DDA4B6362AFDF6A10046DFCE /* Release */ = {
			isa = XCBuildConfiguration;
			buildSettings = {
				ALWAYS_SEARCH_USER_PATHS = NO;
				ASSETCATALOG_COMPILER_GENERATE_SWIFT_ASSET_SYMBOL_EXTENSIONS = YES;
				CLANG_ANALYZER_LOCALIZABILITY_NONLOCALIZED = YES;
				CLANG_ANALYZER_NONNULL = YES;
				CLANG_ANALYZER_NUMBER_OBJECT_CONVERSION = YES_AGGRESSIVE;
				CLANG_CXX_LANGUAGE_STANDARD = "gnu++20";
				CLANG_ENABLE_MODULES = YES;
				CLANG_ENABLE_OBJC_ARC = YES;
				CLANG_ENABLE_OBJC_WEAK = YES;
				CLANG_WARN_BLOCK_CAPTURE_AUTORELEASING = YES;
				CLANG_WARN_BOOL_CONVERSION = YES;
				CLANG_WARN_COMMA = YES;
				CLANG_WARN_CONSTANT_CONVERSION = YES;
				CLANG_WARN_DEPRECATED_OBJC_IMPLEMENTATIONS = YES;
				CLANG_WARN_DIRECT_OBJC_ISA_USAGE = YES_ERROR;
				CLANG_WARN_DOCUMENTATION_COMMENTS = YES;
				CLANG_WARN_EMPTY_BODY = YES;
				CLANG_WARN_ENUM_CONVERSION = YES;
				CLANG_WARN_INFINITE_RECURSION = YES;
				CLANG_WARN_INT_CONVERSION = YES;
				CLANG_WARN_NON_LITERAL_NULL_CONVERSION = YES;
				CLANG_WARN_OBJC_IMPLICIT_RETAIN_SELF = YES;
				CLANG_WARN_OBJC_LITERAL_CONVERSION = YES;
				CLANG_WARN_OBJC_ROOT_CLASS = YES_ERROR;
				CLANG_WARN_QUOTED_INCLUDE_IN_FRAMEWORK_HEADER = YES;
				CLANG_WARN_RANGE_LOOP_ANALYSIS = YES;
				CLANG_WARN_STRICT_PROTOTYPES = YES;
				CLANG_WARN_SUSPICIOUS_MOVE = YES;
				CLANG_WARN_UNGUARDED_AVAILABILITY = YES_AGGRESSIVE;
				CLANG_WARN_UNREACHABLE_CODE = YES;
				CLANG_WARN__DUPLICATE_METHOD_MATCH = YES;
				COPY_PHASE_STRIP = NO;
				DEBUG_INFORMATION_FORMAT = "dwarf-with-dsym";
				ENABLE_NS_ASSERTIONS = NO;
				ENABLE_STRICT_OBJC_MSGSEND = YES;
				ENABLE_USER_SCRIPT_SANDBOXING = NO;
				GCC_C_LANGUAGE_STANDARD = gnu17;
				GCC_NO_COMMON_BLOCKS = YES;
				GCC_WARN_64_TO_32_BIT_CONVERSION = YES;
				GCC_WARN_ABOUT_RETURN_TYPE = YES_ERROR;
				GCC_WARN_UNDECLARED_SELECTOR = YES;
				GCC_WARN_UNINITIALIZED_AUTOS = YES_AGGRESSIVE;
				GCC_WARN_UNUSED_FUNCTION = YES;
				GCC_WARN_UNUSED_VARIABLE = YES;
				IPHONEOS_DEPLOYMENT_TARGET = 17.0;
				LOCALIZATION_PREFERS_STRING_CATALOGS = YES;
				MTL_ENABLE_DEBUG_INFO = NO;
				MTL_FAST_MATH = YES;
				SDKROOT = iphoneos;
				SWIFT_COMPILATION_MODE = wholemodule;
				SWIFT_EMIT_LOC_STRINGS = YES;
				VALIDATE_PRODUCT = YES;
			};
			name = Release;
		};
		DDA4B6382AFDF6A10046DFCE /* Debug */ = {
			isa = XCBuildConfiguration;
			buildSettings = {
				ASSETCATALOG_COMPILER_APPICON_NAME = AppIcon;
				ASSETCATALOG_COMPILER_GLOBAL_ACCENT_COLOR_NAME = AccentColor;
				CODE_SIGN_IDENTITY = "Apple Development";
				"CODE_SIGN_IDENTITY[sdk=iphoneos*]" = "iPhone Developer";
				CODE_SIGN_INJECT_BASE_ENTITLEMENTS = NO;
				CODE_SIGN_STYLE = Manual;
				CURRENT_PROJECT_VERSION = 1;
				DEVELOPMENT_TEAM = "";
				"DEVELOPMENT_TEAM[sdk=iphoneos*]" = R394CK45KY;
				ENABLE_HARDENED_RUNTIME = YES;
				ENABLE_PREVIEWS = NO;
				GENERATE_INFOPLIST_FILE = YES;
				INFOPLIST_FILE = src/Info.plist;
				INFOPLIST_KEY_LSApplicationCategoryType = "public.app-category.utilities";
				INFOPLIST_KEY_UIApplicationSceneManifest_Generation = YES;
				INFOPLIST_KEY_UIApplicationSupportsIndirectInputEvents = YES;
				INFOPLIST_KEY_UILaunchScreen_Generation = YES;
				INFOPLIST_KEY_UISupportedInterfaceOrientations = UIInterfaceOrientationPortrait;
				INFOPLIST_KEY_UISupportedInterfaceOrientations_iPad = "UIInterfaceOrientationLandscapeLeft UIInterfaceOrientationLandscapeRight UIInterfaceOrientationPortrait UIInterfaceOrientationPortraitUpsideDown";
				IPHONEOS_DEPLOYMENT_TARGET = 18.5;
				LD_RUNPATH_SEARCH_PATHS = (
					"$(inherited)",
					"@executable_path/Frameworks",
				);
				LIBRARY_SEARCH_PATHS = (
					"$(inherited)",
					"$(PROJECT_DIR)/dist",
				);
				MARKETING_VERSION = 0.2.1;
				PRODUCT_BUNDLE_IDENTIFIER = one.kafva.kage;
				PRODUCT_NAME = "$(TARGET_NAME)";
				PROVISIONING_PROFILE_SPECIFIER = "";
				"PROVISIONING_PROFILE_SPECIFIER[sdk=iphoneos*]" = "kage devel 2026.06.06";
				SUPPORTED_PLATFORMS = "iphoneos iphonesimulator";
				SUPPORTS_MACCATALYST = NO;
				SUPPORTS_MAC_DESIGNED_FOR_IPHONE_IPAD = NO;
				SUPPORTS_XR_DESIGNED_FOR_IPHONE_IPAD = NO;
				SWIFT_EMIT_LOC_STRINGS = YES;
				SWIFT_VERSION = 5.0;
				TARGETED_DEVICE_FAMILY = 1;
			};
			name = Debug;
		};
		DDA4B6392AFDF6A10046DFCE /* Release */ = {
			isa = XCBuildConfiguration;
			buildSettings = {
				ASSETCATALOG_COMPILER_APPICON_NAME = AppIcon;
				ASSETCATALOG_COMPILER_GLOBAL_ACCENT_COLOR_NAME = AccentColor;
				CODE_SIGNING_ALLOWED = YES;
				CODE_SIGN_IDENTITY = "Apple Development";
				"CODE_SIGN_IDENTITY[sdk=iphoneos*]" = "iPhone Distribution";
				CODE_SIGN_INJECT_BASE_ENTITLEMENTS = NO;
				CODE_SIGN_STYLE = Manual;
				CURRENT_PROJECT_VERSION = 1;
				DEVELOPMENT_TEAM = "";
				"DEVELOPMENT_TEAM[sdk=iphoneos*]" = R394CK45KY;
				ENABLE_HARDENED_RUNTIME = YES;
				ENABLE_PREVIEWS = NO;
				GENERATE_INFOPLIST_FILE = YES;
				INFOPLIST_FILE = src/Info.plist;
				INFOPLIST_KEY_LSApplicationCategoryType = "public.app-category.utilities";
				INFOPLIST_KEY_UIApplicationSceneManifest_Generation = YES;
				INFOPLIST_KEY_UIApplicationSupportsIndirectInputEvents = YES;
				INFOPLIST_KEY_UILaunchScreen_Generation = YES;
				INFOPLIST_KEY_UISupportedInterfaceOrientations = UIInterfaceOrientationPortrait;
				INFOPLIST_KEY_UISupportedInterfaceOrientations_iPad = "UIInterfaceOrientationLandscapeLeft UIInterfaceOrientationLandscapeRight UIInterfaceOrientationPortrait UIInterfaceOrientationPortraitUpsideDown";
				IPHONEOS_DEPLOYMENT_TARGET = 18.5;
				LD_RUNPATH_SEARCH_PATHS = (
					"$(inherited)",
					"@executable_path/Frameworks",
				);
				LIBRARY_SEARCH_PATHS = (
					"$(inherited)",
					"$(PROJECT_DIR)/dist",
				);
				MARKETING_VERSION = 0.2.1;
				PRODUCT_BUNDLE_IDENTIFIER = one.kafva.kage;
				PRODUCT_NAME = "$(TARGET_NAME)";
				PROVISIONING_PROFILE_SPECIFIER = "";
				"PROVISIONING_PROFILE_SPECIFIER[sdk=iphoneos*]" = "kage dist 2026.06.06";
				SUPPORTED_PLATFORMS = "iphoneos iphonesimulator";
				SUPPORTS_MACCATALYST = NO;
				SUPPORTS_MAC_DESIGNED_FOR_IPHONE_IPAD = NO;
				SUPPORTS_XR_DESIGNED_FOR_IPHONE_IPAD = NO;
				SWIFT_EMIT_LOC_STRINGS = YES;
				SWIFT_VERSION = 5.0;
				TARGETED_DEVICE_FAMILY = 1;
			};
			name = Release;
		};
		DDC84DFB2C730C25003E009D /* Debug */ = {
			isa = XCBuildConfiguration;
			buildSettings = {
				BUNDLE_LOADER = "$(TEST_HOST)";
				CODE_SIGN_STYLE = Automatic;
				CURRENT_PROJECT_VERSION = 1;
				DEVELOPMENT_TEAM = R394CK45KY;
				ENABLE_USER_SCRIPT_SANDBOXING = YES;
				GENERATE_INFOPLIST_FILE = YES;
				IPHONEOS_DEPLOYMENT_TARGET = 18.5;
				MARKETING_VERSION = 1.0;
				PRODUCT_BUNDLE_IDENTIFIER = one.kafva.kageTests;
				PRODUCT_NAME = "$(TARGET_NAME)";
				SUPPORTED_PLATFORMS = "iphoneos iphonesimulator";
				SUPPORTS_MACCATALYST = NO;
				SUPPORTS_MAC_DESIGNED_FOR_IPHONE_IPAD = NO;
				SUPPORTS_XR_DESIGNED_FOR_IPHONE_IPAD = NO;
				SWIFT_EMIT_LOC_STRINGS = NO;
				SWIFT_VERSION = 5.0;
				TARGETED_DEVICE_FAMILY = 1;
				TEST_HOST = "$(BUILT_PRODUCTS_DIR)/kage.app/$(BUNDLE_EXECUTABLE_FOLDER_PATH)/kage";
			};
			name = Debug;
		};
		DDC84DFC2C730C25003E009D /* Release */ = {
			isa = XCBuildConfiguration;
			buildSettings = {
				BUNDLE_LOADER = "$(TEST_HOST)";
				CODE_SIGN_STYLE = Automatic;
				CURRENT_PROJECT_VERSION = 1;
				DEVELOPMENT_TEAM = R394CK45KY;
				ENABLE_USER_SCRIPT_SANDBOXING = YES;
				GENERATE_INFOPLIST_FILE = YES;
				IPHONEOS_DEPLOYMENT_TARGET = 18.5;
				MARKETING_VERSION = 1.0;
				PRODUCT_BUNDLE_IDENTIFIER = one.kafva.kageTests;
				PRODUCT_NAME = "$(TARGET_NAME)";
				SUPPORTED_PLATFORMS = "iphoneos iphonesimulator";
				SUPPORTS_MACCATALYST = NO;
				SUPPORTS_MAC_DESIGNED_FOR_IPHONE_IPAD = NO;
				SUPPORTS_XR_DESIGNED_FOR_IPHONE_IPAD = NO;
				SWIFT_EMIT_LOC_STRINGS = NO;
				SWIFT_VERSION = 5.0;
				TARGETED_DEVICE_FAMILY = 1;
				TEST_HOST = "$(BUILT_PRODUCTS_DIR)/kage.app/$(BUNDLE_EXECUTABLE_FOLDER_PATH)/kage";
			};
			name = Release;
		};
/* End XCBuildConfiguration section */

/* Begin XCConfigurationList section */
		DDA4B6242AFDF6A00046DFCE /* Build configuration list for PBXProject "kage" */ = {
			isa = XCConfigurationList;
			buildConfigurations = (
				DDA4B6352AFDF6A10046DFCE /* Debug */,
				DDA4B6362AFDF6A10046DFCE /* Release */,
			);
			defaultConfigurationIsVisible = 0;
			defaultConfigurationName = Release;
		};
		DDA4B6372AFDF6A10046DFCE /* Build configuration list for PBXNativeTarget "kage" */ = {
			isa = XCConfigurationList;
			buildConfigurations = (
				DDA4B6382AFDF6A10046DFCE /* Debug */,
				DDA4B6392AFDF6A10046DFCE /* Release */,
			);
			defaultConfigurationIsVisible = 0;
			defaultConfigurationName = Release;
		};
		DDC84DFA2C730C25003E009D /* Build configuration list for PBXNativeTarget "kageTests" */ = {
			isa = XCConfigurationList;
			buildConfigurations = (
				DDC84DFB2C730C25003E009D /* Debug */,
				DDC84DFC2C730C25003E009D /* Release */,
			);
			defaultConfigurationIsVisible = 0;
			defaultConfigurationName = Release;
		};
/* End XCConfigurationList section */
	};
	rootObject = DDA4B6212AFDF6A00046DFCE /* Project object */;
}
